// !$*UTF8*$!
{
	archiveVersion = 1;
	classes = {
	};
	objectVersion = 56;
	objects = {

/* Begin PBXBuildFile section */
		818FC34A2B44CAD9005D2AF2 /* main.m in Sources */ = {isa = PBXBuildFile; fileRef = 818FC3492B44CAD9005D2AF2 /* main.m */; };
		818FC3522B44DCF2005D2AF2 /* coffee.m in Sources */ = {isa = PBXBuildFile; fileRef = 818FC3512B44DCF2005D2AF2 /* coffee.m */; };
		818FC3572B44E1E8005D2AF2 /* barista.m in Sources */ = {isa = PBXBuildFile; fileRef = 818FC3562B44E1E8005D2AF2 /* barista.m */; };
/* End PBXBuildFile section */

/* Begin PBXCopyFilesBuildPhase section */
		818FC3442B44CAD9005D2AF2 /* CopyFiles */ = {
			isa = PBXCopyFilesBuildPhase;
			buildActionMask = 2147483647;
			dstPath = /usr/share/man/man1/;
			dstSubfolderSpec = 0;
			files = (
			);
			runOnlyForDeploymentPostprocessing = 1;
		};
/* End PBXCopyFilesBuildPhase section */

/* Begin PBXFileReference section */
		818FC3462B44CAD9005D2AF2 /* quest1 */ = {isa = PBXFileReference; explicitFileType = "compiled.mach-o.executable"; includeInIndex = 0; path = quest1; sourceTree = BUILT_PRODUCTS_DIR; };
		818FC3492B44CAD9005D2AF2 /* main.m */ = {isa = PBXFileReference; lastKnownFileType = sourcecode.c.objc; path = main.m; sourceTree = "<group>"; };
		818FC3512B44DCF2005D2AF2 /* coffee.m */ = {isa = PBXFileReference; lastKnownFileType = sourcecode.c.objc; path = coffee.m; sourceTree = "<group>"; };
		818FC3532B44DD09005D2AF2 /* coffee.h */ = {isa = PBXFileReference; lastKnownFileType = sourcecode.c.h; path = coffee.h; sourceTree = "<group>"; };
		818FC3562B44E1E8005D2AF2 /* barista.m */ = {isa = PBXFileReference; lastKnownFileType = sourcecode.c.objc; path = barista.m; sourceTree = "<group>"; };
		818FC3582B44E1FA005D2AF2 /* barista.h */ = {isa = PBXFileReference; lastKnownFileType = sourcecode.c.h; path = barista.h; sourceTree = "<group>"; };
/* End PBXFileReference section */

/* Begin PBXFrameworksBuildPhase section */
		818FC3432B44CAD9005D2AF2 /* Frameworks */ = {
			isa = PBXFrameworksBuildPhase;
			buildActionMask = 2147483647;
			files = (
			);
			runOnlyForDeploymentPostprocessing = 0;
		};
/* End PBXFrameworksBuildPhase section */

/* Begin PBXGroup section */
		818FC33D2B44CAD9005D2AF2 = {
			isa = PBXGroup;
			children = (
				818FC3492B44CAD9005D2AF2 /* main.m */,
				818FC3552B44E16C005D2AF2 /* header */,
				818FC3482B44CAD9005D2AF2 /* sourse */,
				818FC3472B44CAD9005D2AF2 /* Products */,
			);
			sourceTree = "<group>";
		};
		818FC3472B44CAD9005D2AF2 /* Products */ = {
			isa = PBXGroup;
			children = (
				818FC3462B44CAD9005D2AF2 /* quest1 */,
			);
			name = Products;
			sourceTree = "<group>";
		};
		818FC3482B44CAD9005D2AF2 /* sourse */ = {
			isa = PBXGroup;
			children = (
				818FC3512B44DCF2005D2AF2 /* coffee.m */,
				818FC3562B44E1E8005D2AF2 /* barista.m */,
			);
			path = sourse;
			sourceTree = "<group>";
		};
		818FC3552B44E16C005D2AF2 /* header */ = {
			isa = PBXGroup;
			children = (
				818FC3532B44DD09005D2AF2 /* coffee.h */,
				818FC3582B44E1FA005D2AF2 /* barista.h */,
			);
			path = header;
			sourceTree = "<group>";
		};
/* End PBXGroup section */

/* Begin PBXNativeTarget section */
		818FC3452B44CAD9005D2AF2 /* quest1 */ = {
			isa = PBXNativeTarget;
			buildConfigurationList = 818FC34D2B44CAD9005D2AF2 /* Build configuration list for PBXNativeTarget "quest1" */;
			buildPhases = (
				818FC3422B44CAD9005D2AF2 /* Sources */,
				818FC3432B44CAD9005D2AF2 /* Frameworks */,
				818FC3442B44CAD9005D2AF2 /* CopyFiles */,
			);
			buildRules = (
			);
			dependencies = (
			);
			name = quest1;
			productName = quest1;
			productReference = 818FC3462B44CAD9005D2AF2 /* quest1 */;
			productType = "com.apple.product-type.tool";
		};
/* End PBXNativeTarget section */

/* Begin PBXProject section */
		818FC33E2B44CAD9005D2AF2 /* Project object */ = {
			isa = PBXProject;
			attributes = {
				BuildIndependentTargetsInParallel = 1;
				LastUpgradeCheck = 1510;
				TargetAttributes = {
					818FC3452B44CAD9005D2AF2 = {
						CreatedOnToolsVersion = 15.1;
					};
				};
			};
			buildConfigurationList = 818FC3412B44CAD9005D2AF2 /* Build configuration list for PBXProject "quest1" */;
			compatibilityVersion = "Xcode 14.0";
			developmentRegion = en;
			hasScannedForEncodings = 0;
			knownRegions = (
				en,
				Base,
			);
			mainGroup = 818FC33D2B44CAD9005D2AF2;
			productRefGroup = 818FC3472B44CAD9005D2AF2 /* Products */;
			projectDirPath = "";
			projectRoot = "";
			targets = (
				818FC3452B44CAD9005D2AF2 /* quest1 */,
			);
		};
/* End PBXProject section */

/* Begin PBXSourcesBuildPhase section */
		818FC3422B44CAD9005D2AF2 /* Sources */ = {
			isa = PBXSourcesBuildPhase;
			buildActionMask = 2147483647;
			files = (
				818FC3572B44E1E8005D2AF2 /* barista.m in Sources */,
				818FC34A2B44CAD9005D2AF2 /* main.m in Sources */,
				818FC3522B44DCF2005D2AF2 /* coffee.m in Sources */,
			);
			runOnlyForDeploymentPostprocessing = 0;
		};
/* End PBXSourcesBuildPhase section */

/* Begin XCBuildConfiguration section */
		818FC34B2B44CAD9005D2AF2 /* Debug */ = {
			isa = XCBuildConfiguration;
			buildSettings = {
				ALWAYS_SEARCH_USER_PATHS = NO;
				ASSETCATALOG_COMPILER_GENERATE_SWIFT_ASSET_SYMBOL_EXTENSIONS = YES;
				CLANG_ANALYZER_NONNULL = YES;
				CLANG_ANALYZER_NUMBER_OBJECT_CONVERSION = YES_AGGRESSIVE;
				CLANG_CXX_LANGUAGE_STANDARD = "gnu++20";
				CLANG_ENABLE_MODULES = YES;
				CLANG_ENABLE_OBJC_ARC = YES;
				CLANG_ENABLE_OBJC_WEAK = YES;
				CLANG_WARN_BLOCK_CAPTURE_AUTORELEASING = YES;
				CLANG_WARN_BOOL_CONVERSION = YES;
				CLANG_WARN_COMMA = YES;
				CLANG_WARN_CONSTANT_CONVERSION = YES;
				CLANG_WARN_DEPRECATED_OBJC_IMPLEMENTATIONS = YES;
				CLANG_WARN_DIRECT_OBJC_ISA_USAGE = YES_ERROR;
				CLANG_WARN_DOCUMENTATION_COMMENTS = YES;
				CLANG_WARN_EMPTY_BODY = YES;
				CLANG_WARN_ENUM_CONVERSION = YES;
				CLANG_WARN_INFINITE_RECURSION = YES;
				CLANG_WARN_INT_CONVERSION = YES;
				CLANG_WARN_NON_LITERAL_NULL_CONVERSION = YES;
				CLANG_WARN_OBJC_IMPLICIT_RETAIN_SELF = YES;
				CLANG_WARN_OBJC_LITERAL_CONVERSION = YES;
				CLANG_WARN_OBJC_ROOT_CLASS = YES_ERROR;
				CLANG_WARN_QUOTED_INCLUDE_IN_FRAMEWORK_HEADER = YES;
				CLANG_WARN_RANGE_LOOP_ANALYSIS = YES;
				CLANG_WARN_STRICT_PROTOTYPES = YES;
				CLANG_WARN_SUSPICIOUS_MOVE = YES;
				CLANG_WARN_UNGUARDED_AVAILABILITY = YES_AGGRESSIVE;
				CLANG_WARN_UNREACHABLE_CODE = YES;
				CLANG_WARN__DUPLICATE_METHOD_MATCH = YES;
				COPY_PHASE_STRIP = NO;
				DEBUG_INFORMATION_FORMAT = dwarf;
				ENABLE_STRICT_OBJC_MSGSEND = YES;
				ENABLE_TESTABILITY = YES;
				ENABLE_USER_SCRIPT_SANDBOXING = YES;
				GCC_C_LANGUAGE_STANDARD = gnu17;
				GCC_DYNAMIC_NO_PIC = NO;
				GCC_NO_COMMON_BLOCKS = YES;
				GCC_OPTIMIZATION_LEVEL = 0;
				GCC_PREPROCESSOR_DEFINITIONS = (
					"DEBUG=1",
					"$(inherited)",
				);
				GCC_WARN_64_TO_32_BIT_CONVERSION = YES;
				GCC_WARN_ABOUT_RETURN_TYPE = YES_ERROR;
				GCC_WARN_UNDECLARED_SELECTOR = YES;
				GCC_WARN_UNINITIALIZED_AUTOS = YES_AGGRESSIVE;
				GCC_WARN_UNUSED_FUNCTION = YES;
				GCC_WARN_UNUSED_VARIABLE = YES;
				LOCALIZATION_PREFERS_STRING_CATALOGS = YES;
				MACOSX_DEPLOYMENT_TARGET = 14.2;
				MTL_ENABLE_DEBUG_INFO = INCLUDE_SOURCE;
				MTL_FAST_MATH = YES;
				ONLY_ACTIVE_ARCH = YES;
				SDKROOT = macosx;
			};
			name = Debug;
		};
		818FC34C2B44CAD9005D2AF2 /* Release */ = {
			isa = XCBuildConfiguration;
			buildSettings = {
				ALWAYS_SEARCH_USER_PATHS = NO;
				ASSETCATALOG_COMPILER_GENERATE_SWIFT_ASSET_SYMBOL_EXTENSIONS = YES;
				CLANG_ANALYZER_NONNULL = YES;
				CLANG_ANALYZER_NUMBER_OBJECT_CONVERSION = YES_AGGRESSIVE;
				CLANG_CXX_LANGUAGE_STANDARD = "gnu++20";
				CLANG_ENABLE_MODULES = YES;
				CLANG_ENABLE_OBJC_ARC = YES;
				CLANG_ENABLE_OBJC_WEAK = YES;
				CLANG_WARN_BLOCK_CAPTURE_AUTORELEASING = YES;
				CLANG_WARN_BOOL_CONVERSION = YES;
				CLANG_WARN_COMMA = YES;
				CLANG_WARN_CONSTANT_CONVERSION = YES;
				CLANG_WARN_DEPRECATED_OBJC_IMPLEMENTATIONS = YES;
				CLANG_WARN_DIRECT_OBJC_ISA_USAGE = YES_ERROR;
				CLANG_WARN_DOCUMENTATION_COMMENTS = YES;
				CLANG_WARN_EMPTY_BODY = YES;
				CLANG_WARN_ENUM_CONVERSION = YES;
				CLANG_WARN_INFINITE_RECURSION = YES;
				CLANG_WARN_INT_CONVERSION = YES;
				CLANG_WARN_NON_LITERAL_NULL_CONVERSION = YES;
				CLANG_WARN_OBJC_IMPLICIT_RETAIN_SELF = YES;
				CLANG_WARN_OBJC_LITERAL_CONVERSION = YES;
				CLANG_WARN_OBJC_ROOT_CLASS = YES_ERROR;
				CLANG_WARN_QUOTED_INCLUDE_IN_FRAMEWORK_HEADER = YES;
				CLANG_WARN_RANGE_LOOP_ANALYSIS = YES;
				CLANG_WARN_STRICT_PROTOTYPES = YES;
				CLANG_WARN_SUSPICIOUS_MOVE = YES;
				CLANG_WARN_UNGUARDED_AVAILABILITY = YES_AGGRESSIVE;
				CLANG_WARN_UNREACHABLE_CODE = YES;
				CLANG_WARN__DUPLICATE_METHOD_MATCH = YES;
				COPY_PHASE_STRIP = NO;
				DEBUG_INFORMATION_FORMAT = "dwarf-with-dsym";
				ENABLE_NS_ASSERTIONS = NO;
				ENABLE_STRICT_OBJC_MSGSEND = YES;
				ENABLE_USER_SCRIPT_SANDBOXING = YES;
				GCC_C_LANGUAGE_STANDARD = gnu17;
				GCC_NO_COMMON_BLOCKS = YES;
				GCC_WARN_64_TO_32_BIT_CONVERSION = YES;
				GCC_WARN_ABOUT_RETURN_TYPE = YES_ERROR;
				GCC_WARN_UNDECLARED_SELECTOR = YES;
				GCC_WARN_UNINITIALIZED_AUTOS = YES_AGGRESSIVE;
				GCC_WARN_UNUSED_FUNCTION = YES;
				GCC_WARN_UNUSED_VARIABLE = YES;
				LOCALIZATION_PREFERS_STRING_CATALOGS = YES;
				MACOSX_DEPLOYMENT_TARGET = 14.2;
				MTL_ENABLE_DEBUG_INFO = NO;
				MTL_FAST_MATH = YES;
				SDKROOT = macosx;
			};
			name = Release;
		};
		818FC34E2B44CAD9005D2AF2 /* Debug */ = {
			isa = XCBuildConfiguration;
			buildSettings = {
				CODE_SIGN_STYLE = Automatic;
				DEVELOPMENT_TEAM = Q7Z9P3TH9R;
				ENABLE_HARDENED_RUNTIME = YES;
				PRODUCT_NAME = "$(TARGET_NAME)";
			};
			name = Debug;
		};
		818FC34F2B44CAD9005D2AF2 /* Release */ = {
			isa = XCBuildConfiguration;
			buildSettings = {
				CODE_SIGN_STYLE = Automatic;
				DEVELOPMENT_TEAM = Q7Z9P3TH9R;
				ENABLE_HARDENED_RUNTIME = YES;
				PRODUCT_NAME = "$(TARGET_NAME)";
			};
			name = Release;
		};
/* End XCBuildConfiguration section */

/* Begin XCConfigurationList section */
		818FC3412B44CAD9005D2AF2 /* Build configuration list for PBXProject "quest1" */ = {
			isa = XCConfigurationList;
			buildConfigurations = (
				818FC34B2B44CAD9005D2AF2 /* Debug */,
				818FC34C2B44CAD9005D2AF2 /* Release */,
			);
			defaultConfigurationIsVisible = 0;
			defaultConfigurationName = Release;
		};
		818FC34D2B44CAD9005D2AF2 /* Build configuration list for PBXNativeTarget "quest1" */ = {
			isa = XCConfigurationList;
			buildConfigurations = (
				818FC34E2B44CAD9005D2AF2 /* Debug */,
				818FC34F2B44CAD9005D2AF2 /* Release */,
			);
			defaultConfigurationIsVisible = 0;
			defaultConfigurationName = Release;
		};
/* End XCConfigurationList section */
	};
	rootObject = 818FC33E2B44CAD9005D2AF2 /* Project object */;
}
